{
  "name": "hugo-theme-fuji",
  "version": "1.0.0",
  "lockfileVersion": 1,
  "requires": true,
  "dependencies": {
    "@primer/css": {
      "version": "14.3.0",
      "resolved": "https://registry.npmjs.org/@primer/css/-/css-14.3.0.tgz",
      "integrity": "sha512-n5/skNhsbCc+wStmH2nSFHWS8I1XFVtdSabG7IuCYbGELuxduw3x5kl9uYQwG558E5/4wQZ/WbAeACuTTjcWFA==",
      "dev": true,
      "requires": {
        "@primer/octicons": "^9.1.1"
      }
    },
    "@primer/octicons": {
      "version": "9.6.0",
      "resolved": "https://registry.npmjs.org/@primer/octicons/-/octicons-9.6.0.tgz",
      "integrity": "sha512-B5Wzk5izRXXz0JqEXJkVUtqhCXSpUKgqYkVwegMkp5sziBW+ksd9LPbONlCWyyLODwf9GsI2sBXekR7m+JJDBw==",
      "dev": true,
      "requires": {
        "object-assign": "^4.1.1"
      }
    },
    "object-assign": {
      "version": "4.1.1",
      "resolved": "https://registry.npmjs.org/object-assign/-/object-assign-4.1.1.tgz",
      "integrity": "sha1-IQmtx5ZYh8/AXLvUQsrIv7s2CGM=",
      "dev": true
    }
  }
}
